
Microsoft Visual Studio Solution File, Format Version 12.00
# Visual Studio Version 16
VisualStudioVersion = 16.0.29102.190
MinimumVisualStudioVersion = 10.0.40219.1
Project("{FAE04EC0-301F-11D3-BF4B-00C04F79EFBC}") = "OpenBound", "OpenBound\OpenBound.csproj", "{174A16E7-812C-449B-B5AD-11549C194528}"
EndProject
Project("{FAE04EC0-301F-11D3-BF4B-00C04F79EFBC}") = "GunboundImageFix", "GunboundImageFix\GunboundImageFix.csproj", "{625580D4-95FD-42E1-A571-BD6E001BA2B1}"
EndProject
Project("{FAE04EC0-301F-11D3-BF4B-00C04F79EFBC}") = "GunboundImageProcessing", "GunboundImageProcessing\GunboundImageProcessing.csproj", "{A80DC957-AE52-4653-A288-A58CBA2CBEA5}"
EndProject
Project("{FAE04EC0-301F-11D3-BF4B-00C04F79EFBC}") = "Openbound Login Server", "Openbound Login Server\Openbound Login Server.csproj", "{00EC0A4D-6FD5-4F90-9A65-56195C49B9F5}"
EndProject
Project("{FAE04EC0-301F-11D3-BF4B-00C04F79EFBC}") = "Openbound Lobby Server", "Openbound Lobby Server\Openbound Lobby Server.csproj", "{1C2EDAE2-0714-42D5-A8BC-7788DD4CD028}"
EndProject
Project("{FAE04EC0-301F-11D3-BF4B-00C04F79EFBC}") = "Openbound Game Server", "Openbound Game Server\Openbound Game Server.csproj", "{77F2B360-DD14-4A85-97CB-3A10851E6840}"
EndProject
Project("{FAE04EC0-301F-11D3-BF4B-00C04F79EFBC}") = "Openbound Network Object Library", "Openbound Network Object Library\Openbound Network Object Library.csproj", "{F8C0C7A5-574E-4CD6-BDC6-6B97D2262516}"
EndProject
Global
	GlobalSection(SolutionConfigurationPlatforms) = preSolution
		Debug|Any CPU = Debug|Any CPU
		Debug|x64 = Debug|x64
		Debug|x86 = Debug|x86
		DebugScene|Any CPU = DebugScene|Any CPU
		DebugScene|x64 = DebugScene|x64
		DebugScene|x86 = DebugScene|x86
		Release|Any CPU = Release|Any CPU
		Release|x64 = Release|x64
		Release|x86 = Release|x86
	EndGlobalSection
	GlobalSection(ProjectConfigurationPlatforms) = postSolution
		{174A16E7-812C-449B-B5AD-11549C194528}.Debug|Any CPU.ActiveCfg = Debug|x86
		{174A16E7-812C-449B-B5AD-11549C194528}.Debug|Any CPU.Build.0 = Debug|x86
		{174A16E7-812C-449B-B5AD-11549C194528}.Debug|x64.ActiveCfg = Debug|x64
		{174A16E7-812C-449B-B5AD-11549C194528}.Debug|x64.Build.0 = Debug|x64
		{174A16E7-812C-449B-B5AD-11549C194528}.Debug|x86.ActiveCfg = Debug|x86
		{174A16E7-812C-449B-B5AD-11549C194528}.Debug|x86.Build.0 = Debug|x86
		{174A16E7-812C-449B-B5AD-11549C194528}.DebugScene|Any CPU.ActiveCfg = DebugScene|x64
		{174A16E7-812C-449B-B5AD-11549C194528}.DebugScene|Any CPU.Build.0 = DebugScene|x64
		{174A16E7-812C-449B-B5AD-11549C194528}.DebugScene|x64.ActiveCfg = DebugScene|x64
		{174A16E7-812C-449B-B5AD-11549C194528}.DebugScene|x64.Build.0 = DebugScene|x64
		{174A16E7-812C-449B-B5AD-11549C194528}.DebugScene|x86.ActiveCfg = DebugScene|x86
		{174A16E7-812C-449B-B5AD-11549C194528}.DebugScene|x86.Build.0 = DebugScene|x86
		{174A16E7-812C-449B-B5AD-11549C194528}.Release|Any CPU.ActiveCfg = Release|x64
		{174A16E7-812C-449B-B5AD-11549C194528}.Release|Any CPU.Build.0 = Release|x64
		{174A16E7-812C-449B-B5AD-11549C194528}.Release|x64.ActiveCfg = Release|x64
		{174A16E7-812C-449B-B5AD-11549C194528}.Release|x64.Build.0 = Release|x64
		{174A16E7-812C-449B-B5AD-11549C194528}.Release|x86.ActiveCfg = Release|x86
		{174A16E7-812C-449B-B5AD-11549C194528}.Release|x86.Build.0 = Release|x86
		{625580D4-95FD-42E1-A571-BD6E001BA2B1}.Debug|Any CPU.ActiveCfg = Debug|Any CPU
		{625580D4-95FD-42E1-A571-BD6E001BA2B1}.Debug|Any CPU.Build.0 = Debug|Any CPU
		{625580D4-95FD-42E1-A571-BD6E001BA2B1}.Debug|x64.ActiveCfg = Debug|x64
		{625580D4-95FD-42E1-A571-BD6E001BA2B1}.Debug|x64.Build.0 = Debug|x64
		{625580D4-95FD-42E1-A571-BD6E001BA2B1}.Debug|x86.ActiveCfg = Debug|Any CPU
		{625580D4-95FD-42E1-A571-BD6E001BA2B1}.Debug|x86.Build.0 = Debug|Any CPU
		{625580D4-95FD-42E1-A571-BD6E001BA2B1}.DebugScene|Any CPU.ActiveCfg = DebugScene|Any CPU
		{625580D4-95FD-42E1-A571-BD6E001BA2B1}.DebugScene|Any CPU.Build.0 = DebugScene|Any CPU
		{625580D4-95FD-42E1-A571-BD6E001BA2B1}.DebugScene|x64.ActiveCfg = DebugScene|x64
		{625580D4-95FD-42E1-A571-BD6E001BA2B1}.DebugScene|x64.Build.0 = DebugScene|x64
		{625580D4-95FD-42E1-A571-BD6E001BA2B1}.DebugScene|x86.ActiveCfg = DebugScene|Any CPU
		{625580D4-95FD-42E1-A571-BD6E001BA2B1}.DebugScene|x86.Build.0 = DebugScene|Any CPU
		{625580D4-95FD-42E1-A571-BD6E001BA2B1}.Release|Any CPU.ActiveCfg = Release|Any CPU
		{625580D4-95FD-42E1-A571-BD6E001BA2B1}.Release|Any CPU.Build.0 = Release|Any CPU
		{625580D4-95FD-42E1-A571-BD6E001BA2B1}.Release|x64.ActiveCfg = Release|x64
		{625580D4-95FD-42E1-A571-BD6E001BA2B1}.Release|x64.Build.0 = Release|x64
		{625580D4-95FD-42E1-A571-BD6E001BA2B1}.Release|x86.ActiveCfg = Release|Any CPU
		{625580D4-95FD-42E1-A571-BD6E001BA2B1}.Release|x86.Build.0 = Release|Any CPU
		{A80DC957-AE52-4653-A288-A58CBA2CBEA5}.Debug|Any CPU.ActiveCfg = Debug|Any CPU
		{A80DC957-AE52-4653-A288-A58CBA2CBEA5}.Debug|Any CPU.Build.0 = Debug|Any CPU
		{A80DC957-AE52-4653-A288-A58CBA2CBEA5}.Debug|x64.ActiveCfg = Debug|x64
		{A80DC957-AE52-4653-A288-A58CBA2CBEA5}.Debug|x64.Build.0 = Debug|x64
		{A80DC957-AE52-4653-A288-A58CBA2CBEA5}.Debug|x86.ActiveCfg = Debug|Any CPU
		{A80DC957-AE52-4653-A288-A58CBA2CBEA5}.Debug|x86.Build.0 = Debug|Any CPU
		{A80DC957-AE52-4653-A288-A58CBA2CBEA5}.DebugScene|Any CPU.ActiveCfg = DebugScene|Any CPU
		{A80DC957-AE52-4653-A288-A58CBA2CBEA5}.DebugScene|Any CPU.Build.0 = DebugScene|Any CPU
		{A80DC957-AE52-4653-A288-A58CBA2CBEA5}.DebugScene|x64.ActiveCfg = DebugScene|x64
		{A80DC957-AE52-4653-A288-A58CBA2CBEA5}.DebugScene|x64.Build.0 = DebugScene|x64
		{A80DC957-AE52-4653-A288-A58CBA2CBEA5}.DebugScene|x86.ActiveCfg = DebugScene|Any CPU
		{A80DC957-AE52-4653-A288-A58CBA2CBEA5}.DebugScene|x86.Build.0 = DebugScene|Any CPU
		{A80DC957-AE52-4653-A288-A58CBA2CBEA5}.Release|Any CPU.ActiveCfg = Release|Any CPU
		{A80DC957-AE52-4653-A288-A58CBA2CBEA5}.Release|Any CPU.Build.0 = Release|Any CPU
		{A80DC957-AE52-4653-A288-A58CBA2CBEA5}.Release|x64.ActiveCfg = Release|x64
		{A80DC957-AE52-4653-A288-A58CBA2CBEA5}.Release|x64.Build.0 = Release|x64
		{A80DC957-AE52-4653-A288-A58CBA2CBEA5}.Release|x86.ActiveCfg = Release|Any CPU
		{A80DC957-AE52-4653-A288-A58CBA2CBEA5}.Release|x86.Build.0 = Release|Any CPU
		{00EC0A4D-6FD5-4F90-9A65-56195C49B9F5}.Debug|Any CPU.ActiveCfg = Debug|Any CPU
		{00EC0A4D-6FD5-4F90-9A65-56195C49B9F5}.Debug|Any CPU.Build.0 = Debug|Any CPU
		{00EC0A4D-6FD5-4F90-9A65-56195C49B9F5}.Debug|x64.ActiveCfg = Debug|Any CPU
		{00EC0A4D-6FD5-4F90-9A65-56195C49B9F5}.Debug|x64.Build.0 = Debug|Any CPU
		{00EC0A4D-6FD5-4F90-9A65-56195C49B9F5}.Debug|x86.ActiveCfg = Debug|Any CPU
		{00EC0A4D-6FD5-4F90-9A65-56195C49B9F5}.Debug|x86.Build.0 = Debug|Any CPU
		{00EC0A4D-6FD5-4F90-9A65-56195C49B9F5}.DebugScene|Any CPU.ActiveCfg = DebugScene|Any CPU
		{00EC0A4D-6FD5-4F90-9A65-56195C49B9F5}.DebugScene|Any CPU.Build.0 = DebugScene|Any CPU
		{00EC0A4D-6FD5-4F90-9A65-56195C49B9F5}.DebugScene|x64.ActiveCfg = DebugScene|Any CPU
		{00EC0A4D-6FD5-4F90-9A65-56195C49B9F5}.DebugScene|x64.Build.0 = DebugScene|Any CPU
		{00EC0A4D-6FD5-4F90-9A65-56195C49B9F5}.DebugScene|x86.ActiveCfg = DebugScene|Any CPU
		{00EC0A4D-6FD5-4F90-9A65-56195C49B9F5}.DebugScene|x86.Build.0 = DebugScene|Any CPU
		{00EC0A4D-6FD5-4F90-9A65-56195C49B9F5}.Release|Any CPU.ActiveCfg = Release|Any CPU
		{00EC0A4D-6FD5-4F90-9A65-56195C49B9F5}.Release|Any CPU.Build.0 = Release|Any CPU
		{00EC0A4D-6FD5-4F90-9A65-56195C49B9F5}.Release|x64.ActiveCfg = Release|Any CPU
		{00EC0A4D-6FD5-4F90-9A65-56195C49B9F5}.Release|x64.Build.0 = Release|Any CPU
		{00EC0A4D-6FD5-4F90-9A65-56195C49B9F5}.Release|x86.ActiveCfg = Release|Any CPU
		{00EC0A4D-6FD5-4F90-9A65-56195C49B9F5}.Release|x86.Build.0 = Release|Any CPU
		{1C2EDAE2-0714-42D5-A8BC-7788DD4CD028}.Debug|Any CPU.ActiveCfg = Debug|Any CPU
		{1C2EDAE2-0714-42D5-A8BC-7788DD4CD028}.Debug|Any CPU.Build.0 = Debug|Any CPU
		{1C2EDAE2-0714-42D5-A8BC-7788DD4CD028}.Debug|x64.ActiveCfg = Debug|Any CPU
		{1C2EDAE2-0714-42D5-A8BC-7788DD4CD028}.Debug|x64.Build.0 = Debug|Any CPU
		{1C2EDAE2-0714-42D5-A8BC-7788DD4CD028}.Debug|x86.ActiveCfg = Debug|Any CPU
		{1C2EDAE2-0714-42D5-A8BC-7788DD4CD028}.Debug|x86.Build.0 = Debug|Any CPU
		{1C2EDAE2-0714-42D5-A8BC-7788DD4CD028}.DebugScene|Any CPU.ActiveCfg = DebugScene|Any CPU
		{1C2EDAE2-0714-42D5-A8BC-7788DD4CD028}.DebugScene|Any CPU.Build.0 = DebugScene|Any CPU
		{1C2EDAE2-0714-42D5-A8BC-7788DD4CD028}.DebugScene|x64.ActiveCfg = DebugScene|Any CPU
		{1C2EDAE2-0714-42D5-A8BC-7788DD4CD028}.DebugScene|x64.Build.0 = DebugScene|Any CPU
		{1C2EDAE2-0714-42D5-A8BC-7788DD4CD028}.DebugScene|x86.ActiveCfg = DebugScene|Any CPU
		{1C2EDAE2-0714-42D5-A8BC-7788DD4CD028}.DebugScene|x86.Build.0 = DebugScene|Any CPU
		{1C2EDAE2-0714-42D5-A8BC-7788DD4CD028}.Release|Any CPU.ActiveCfg = Release|Any CPU
		{1C2EDAE2-0714-42D5-A8BC-7788DD4CD028}.Release|Any CPU.Build.0 = Release|Any CPU
		{1C2EDAE2-0714-42D5-A8BC-7788DD4CD028}.Release|x64.ActiveCfg = Release|Any CPU
		{1C2EDAE2-0714-42D5-A8BC-7788DD4CD028}.Release|x64.Build.0 = Release|Any CPU
		{1C2EDAE2-0714-42D5-A8BC-7788DD4CD028}.Release|x86.ActiveCfg = Release|Any CPU
		{1C2EDAE2-0714-42D5-A8BC-7788DD4CD028}.Release|x86.Build.0 = Release|Any CPU
		{77F2B360-DD14-4A85-97CB-3A10851E6840}.Debug|Any CPU.ActiveCfg = Debug|Any CPU
		{77F2B360-DD14-4A85-97CB-3A10851E6840}.Debug|Any CPU.Build.0 = Debug|Any CPU
		{77F2B360-DD14-4A85-97CB-3A10851E6840}.Debug|x64.ActiveCfg = Debug|Any CPU
		{77F2B360-DD14-4A85-97CB-3A10851E6840}.Debug|x64.Build.0 = Debug|Any CPU
		{77F2B360-DD14-4A85-97CB-3A10851E6840}.Debug|x86.ActiveCfg = Debug|Any CPU
		{77F2B360-DD14-4A85-97CB-3A10851E6840}.Debug|x86.Build.0 = Debug|Any CPU
		{77F2B360-DD14-4A85-97CB-3A10851E6840}.DebugScene|Any CPU.ActiveCfg = DebugScene|Any CPU
		{77F2B360-DD14-4A85-97CB-3A10851E6840}.DebugScene|Any CPU.Build.0 = DebugScene|Any CPU
		{77F2B360-DD14-4A85-97CB-3A10851E6840}.DebugScene|x64.ActiveCfg = DebugScene|Any CPU
		{77F2B360-DD14-4A85-97CB-3A10851E6840}.DebugScene|x64.Build.0 = DebugScene|Any CPU
		{77F2B360-DD14-4A85-97CB-3A10851E6840}.DebugScene|x86.ActiveCfg = DebugScene|Any CPU
		{77F2B360-DD14-4A85-97CB-3A10851E6840}.DebugScene|x86.Build.0 = DebugScene|Any CPU
		{77F2B360-DD14-4A85-97CB-3A10851E6840}.Release|Any CPU.ActiveCfg = Release|Any CPU
		{77F2B360-DD14-4A85-97CB-3A10851E6840}.Release|Any CPU.Build.0 = Release|Any CPU
		{77F2B360-DD14-4A85-97CB-3A10851E6840}.Release|x64.ActiveCfg = Release|Any CPU
		{77F2B360-DD14-4A85-97CB-3A10851E6840}.Release|x64.Build.0 = Release|Any CPU
		{77F2B360-DD14-4A85-97CB-3A10851E6840}.Release|x86.ActiveCfg = Release|Any CPU
		{77F2B360-DD14-4A85-97CB-3A10851E6840}.Release|x86.Build.0 = Release|Any CPU
		{F8C0C7A5-574E-4CD6-BDC6-6B97D2262516}.Debug|Any CPU.ActiveCfg = Debug|Any CPU
		{F8C0C7A5-574E-4CD6-BDC6-6B97D2262516}.Debug|Any CPU.Build.0 = Debug|Any CPU
		{F8C0C7A5-574E-4CD6-BDC6-6B97D2262516}.Debug|x64.ActiveCfg = Debug|Any CPU
		{F8C0C7A5-574E-4CD6-BDC6-6B97D2262516}.Debug|x64.Build.0 = Debug|Any CPU
		{F8C0C7A5-574E-4CD6-BDC6-6B97D2262516}.Debug|x86.ActiveCfg = Debug|Any CPU
		{F8C0C7A5-574E-4CD6-BDC6-6B97D2262516}.Debug|x86.Build.0 = Debug|Any CPU
		{F8C0C7A5-574E-4CD6-BDC6-6B97D2262516}.DebugScene|Any CPU.ActiveCfg = DebugScene|Any CPU
		{F8C0C7A5-574E-4CD6-BDC6-6B97D2262516}.DebugScene|Any CPU.Build.0 = DebugScene|Any CPU
		{F8C0C7A5-574E-4CD6-BDC6-6B97D2262516}.DebugScene|x64.ActiveCfg = DebugScene|Any CPU
		{F8C0C7A5-574E-4CD6-BDC6-6B97D2262516}.DebugScene|x64.Build.0 = DebugScene|Any CPU
		{F8C0C7A5-574E-4CD6-BDC6-6B97D2262516}.DebugScene|x86.ActiveCfg = DebugScene|Any CPU
		{F8C0C7A5-574E-4CD6-BDC6-6B97D2262516}.DebugScene|x86.Build.0 = DebugScene|Any CPU
		{F8C0C7A5-574E-4CD6-BDC6-6B97D2262516}.Release|Any CPU.ActiveCfg = Release|Any CPU
		{F8C0C7A5-574E-4CD6-BDC6-6B97D2262516}.Release|Any CPU.Build.0 = Release|Any CPU
		{F8C0C7A5-574E-4CD6-BDC6-6B97D2262516}.Release|x64.ActiveCfg = Release|Any CPU
		{F8C0C7A5-574E-4CD6-BDC6-6B97D2262516}.Release|x64.Build.0 = Release|Any CPU
		{F8C0C7A5-574E-4CD6-BDC6-6B97D2262516}.Release|x86.ActiveCfg = Release|Any CPU
		{F8C0C7A5-574E-4CD6-BDC6-6B97D2262516}.Release|x86.Build.0 = Release|Any CPU
	EndGlobalSection
	GlobalSection(SolutionProperties) = preSolution
		HideSolutionNode = FALSE
	EndGlobalSection
	GlobalSection(ExtensibilityGlobals) = postSolution
		SolutionGuid = {0140A088-6667-4637-96BD-B7F8C1713E3A}
	EndGlobalSection
EndGlobal
